
Microsoft Visual Studio Solution File, Format Version 12.00
# Visual Studio Version 17
VisualStudioVersion = 17.13.35931.197 d17.13
MinimumVisualStudioVersion = 10.0.40219.1
Project("{FAE04EC0-301F-11D3-BF4B-00C04F79EFBC}") = "DisputeReconsile", "DisputeReconsile.csproj", "{D2895142-8569-47FC-B442-F9DCEBB27576}"
EndProject
Project("{FAE04EC0-301F-11D3-BF4B-00C04F79EFBC}") = "DisputeReconsile.Tests", "..\DisputeReconsile.Tests\DisputeReconsile.Tests.csproj", "{8AC3E2E0-EC22-49CF-83E9-2189449F4185}"
EndProject
Global
	GlobalSection(SolutionConfigurationPlatforms) = preSolution
		Debug|Any CPU = Debug|Any CPU
		Release|Any CPU = Release|Any CPU
	EndGlobalSection
	GlobalSection(ProjectConfigurationPlatforms) = postSolution
		{D2895142-8569-47FC-B442-F9DCEBB27576}.Debug|Any CPU.ActiveCfg = Debug|Any CPU
		{D2895142-8569-47FC-B442-F9DCEBB27576}.Debug|Any CPU.Build.0 = Debug|Any CPU
		{D2895142-8569-47FC-B442-F9DCEBB27576}.Release|Any CPU.ActiveCfg = Release|Any CPU
		{D2895142-8569-47FC-B442-F9DCEBB27576}.Release|Any CPU.Build.0 = Release|Any CPU
		{8AC3E2E0-EC22-49CF-83E9-2189449F4185}.Debug|Any CPU.ActiveCfg = Debug|Any CPU
		{8AC3E2E0-EC22-49CF-83E9-2189449F4185}.Debug|Any CPU.Build.0 = Debug|Any CPU
		{8AC3E2E0-EC22-49CF-83E9-2189449F4185}.Release|Any CPU.ActiveCfg = Release|Any CPU
		{8AC3E2E0-EC22-49CF-83E9-2189449F4185}.Release|Any CPU.Build.0 = Release|Any CPU
	EndGlobalSection
	GlobalSection(SolutionProperties) = preSolution
		HideSolutionNode = FALSE
	EndGlobalSection
	GlobalSection(ExtensibilityGlobals) = postSolution
		SolutionGuid = {1F680F69-88BA-4A28-B7A0-BC3B5E77ED2F}
	EndGlobalSection
EndGlobal
